lockfileVersion: '6.0'

settings:
  autoInstallPeers: true
  excludeLinksFromLockfile: false

dependencies:
  highlight.js:
    specifier: ^11.9.0
    version: 11.9.0

devDependencies:
  prettier:
    specifier: ^3.2.5
    version: 3.2.5
  prettier-plugin-astro:
    specifier: ^0.13.0
    version: 0.13.0
  prettier-plugin-sh:
    specifier: ^0.14.0
    version: 0.14.0(prettier@3.2.5)

packages:
  /@astrojs/compiler@1.8.2:
    resolution:
      {
        integrity: sha512-o/ObKgtMzl8SlpIdzaxFnt7SATKPxu4oIP/1NL+HDJRzxfJcAkOTAb/ZKMRyULbz4q+1t2/DAebs2Z1QairkZw==
      }
    dev: true

  /highlight.js@11.9.0:
    resolution:
      {
        integrity: sha512-fJ7cW7fQGCYAkgv4CPfwFHrfd/cLS4Hau96JuJ+ZTOWhjnhoeN1ub1tFmALm/+lW5z4WCAuAV9bm05AP0mS6Gw==
      }
    engines: { node: '>=12.0.0' }
    dev: false

  /mvdan-sh@0.10.1:
    resolution:
      {
        integrity: sha512-kMbrH0EObaKmK3nVRKUIIya1dpASHIEusM13S4V1ViHFuxuNxCo+arxoa6j/dbV22YBGjl7UKJm9QQKJ2Crzhg==
      }
    dev: true

  /prettier-plugin-astro@0.13.0:
    resolution:
      {
        integrity: sha512-5HrJNnPmZqTUNoA97zn4gNQv9BgVhv+et03314WpQ9H9N8m2L9OSV798olwmG2YLXPl1iSstlJCR1zB3x5xG4g==
      }
    engines: { node: ^14.15.0 || >=16.0.0 }
    dependencies:
      '@astrojs/compiler': 1.8.2
      prettier: 3.2.5
      sass-formatter: 0.7.9
    dev: true

  /prettier-plugin-sh@0.14.0(prettier@3.2.5):
    resolution:
      {
        integrity: sha512-hfXulj5+zEl/ulrO5kMuuTPKmXvOg0bnLHY1hKFNN/N+/903iZbNp8NyZBTsgI8dtkSgFfAEIQq0IQTyP1ZVFQ==
      }
    engines: { node: '>=16.0.0' }
    peerDependencies:
      prettier: ^3.0.3
    dependencies:
      mvdan-sh: 0.10.1
      prettier: 3.2.5
      sh-syntax: 0.4.2
    dev: true

  /prettier@3.2.5:
    resolution:
      {
        integrity: sha512-3/GWa9aOC0YeD7LUfvOG2NiDyhOWRvt1k+rcKhOuYnMY24iiCphgneUfJDyFXd6rZCAnuLBv6UeAULtrhT/F4A==
      }
    engines: { node: '>=14' }
    hasBin: true
    dev: true

  /s.color@0.0.15:
    resolution:
      {
        integrity: sha512-AUNrbEUHeKY8XsYr/DYpl+qk5+aM+DChopnWOPEzn8YKzOhv4l2zH6LzZms3tOZP3wwdOyc0RmTciyi46HLIuA==
      }
    dev: true

  /sass-formatter@0.7.9:
    resolution:
      {
        integrity: sha512-CWZ8XiSim+fJVG0cFLStwDvft1VI7uvXdCNJYXhDvowiv+DsbD1nXLiQ4zrE5UBvj5DWZJ93cwN0NX5PMsr1Pw==
      }
    dependencies:
      suf-log: 2.5.3
    dev: true

  /sh-syntax@0.4.2:
    resolution:
      {
        integrity: sha512-/l2UZ5fhGZLVZa16XQM9/Vq/hezGGbdHeVEA01uWjOL1+7Ek/gt6FquW0iKKws4a9AYPYvlz6RyVvjh3JxOteg==
      }
    engines: { node: '>=16.0.0' }
    dependencies:
      tslib: 2.6.2
    dev: true

  /suf-log@2.5.3:
    resolution:
      {
        integrity: sha512-KvC8OPjzdNOe+xQ4XWJV2whQA0aM1kGVczMQ8+dStAO6KfEB140JEVQ9dE76ONZ0/Ylf67ni4tILPJB41U0eow==
      }
    dependencies:
      s.color: 0.0.15
    dev: true

  /tslib@2.6.2:
    resolution:
      {
        integrity: sha512-AEYxH93jGFPn/a2iVAwW87VuUIkR1FVUKB77NwMF7nBTDkDrrT/Hpt/IrCJ0QXhW27jTBDcf5ZY7w6RiqTMw2Q==
      }
    dev: true
